PODS:
  - Alamofire (4.2.0)
  - Kingfisher (3.2.3)
  - Material (2.4.1):
    - Material/Core (= 2.4.1)
  - Material/Core (2.4.1)
  - Refresher (0.6.1)
  - SwiftSpinner (1.1.0)
  - UIDropDown (1.1.1)

DEPENDENCIES:
  - Alamofire (~> 4.0)
  - Kingfisher (~> 3.2)
  - Material (~> 2.0)
  - Refresher (~> 0.6)
  - SwiftSpinner (~> 1.1)
  - UIDropDown (~> 1.1)

SPEC CHECKSUMS:
  Alamofire: aa2e09d871c9160ac53c90e83c68064a94e3dfbe
  Kingfisher: 0e789b4069e20da071d6eec59a9cfb4cee67a1cb
  Material: bdf4386e3600537077c2667764292f8dd581e541
  Refresher: 7c6f09ef3428aa921cb477611fb26bf29a9e5492
  SwiftSpinner: c03815614599b91eea46594bd52ba742849d0414
  UIDropDown: 22e6e3e22d419884c8f21d95ea9be36aac905ed4

PODFILE CHECKSUM: e814e2d889cfe37c48418a1f9f6c57506da50dd4

COCOAPODS: 1.1.1
