// !$*UTF8*$!
{
	archiveVersion = 1;
	classes = {
	};
	objectVersion = 46;
	objects = {

/* Begin PBXBuildFile section */
		0BF59439B76222949D66AA07 /* Pods_Shot.framework in Frameworks */ = {isa = PBXBuildFile; fileRef = 3F66B77CD62C38E4629FEEDB /* Pods_Shot.framework */; };
		805B32331E2030AC0020C69E /* ShotPageTabBarController.swift in Sources */ = {isa = PBXBuildFile; fileRef = 805B32291E2030AC0020C69E /* ShotPageTabBarController.swift */; };
		805B32341E2030AC0020C69E /* ShotRootController.swift in Sources */ = {isa = PBXBuildFile; fileRef = 805B322A1E2030AC0020C69E /* ShotRootController.swift */; };
		805B32351E2030AC0020C69E /* SignupViewController.swift in Sources */ = {isa = PBXBuildFile; fileRef = 805B322B1E2030AC0020C69E /* SignupViewController.swift */; };
		805B32381E2030AC0020C69E /* GroupsTableViewController.swift in Sources */ = {isa = PBXBuildFile; fileRef = 805B322E1E2030AC0020C69E /* GroupsTableViewController.swift */; };
		805B32391E2030AC0020C69E /* FriendsTableViewController.swift in Sources */ = {isa = PBXBuildFile; fileRef = 805B322F1E2030AC0020C69E /* FriendsTableViewController.swift */; };
		805B323A1E2030AC0020C69E /* CollapsibleTableViewHeader.swift in Sources */ = {isa = PBXBuildFile; fileRef = 805B32301E2030AC0020C69E /* CollapsibleTableViewHeader.swift */; };
		805B323B1E2030AC0020C69E /* BeatAnimator.swift in Sources */ = {isa = PBXBuildFile; fileRef = 805B32311E2030AC0020C69E /* BeatAnimator.swift */; };
		805B323C1E2030AC0020C69E /* Extensions.swift in Sources */ = {isa = PBXBuildFile; fileRef = 805B32321E2030AC0020C69E /* Extensions.swift */; };
		80C8572F1ED102E90011DA34 /* UserNotifications.framework in Frameworks */ = {isa = PBXBuildFile; fileRef = 80C8572E1ED102E90011DA34 /* UserNotifications.framework */; };
		80C857311ED135050011DA34 /* FriendsTableViewController_Backup.swift in Sources */ = {isa = PBXBuildFile; fileRef = 80C857301ED135050011DA34 /* FriendsTableViewController_Backup.swift */; };
		80C857331ED697C70011DA34 /* PostsViewController.swift in Sources */ = {isa = PBXBuildFile; fileRef = 80C857321ED697C70011DA34 /* PostsViewController.swift */; };
		80DFEA211E202DE400F7B9F3 /* AppDelegate.swift in Sources */ = {isa = PBXBuildFile; fileRef = 80DFEA201E202DE400F7B9F3 /* AppDelegate.swift */; };
		80DFEA231E202DE400F7B9F3 /* ViewController.swift in Sources */ = {isa = PBXBuildFile; fileRef = 80DFEA221E202DE400F7B9F3 /* ViewController.swift */; };
		80DFEA261E202DE400F7B9F3 /* Main.storyboard in Resources */ = {isa = PBXBuildFile; fileRef = 80DFEA241E202DE400F7B9F3 /* Main.storyboard */; };
		80DFEA281E202DE500F7B9F3 /* Assets.xcassets in Resources */ = {isa = PBXBuildFile; fileRef = 80DFEA271E202DE500F7B9F3 /* Assets.xcassets */; };
		80DFEA2B1E202DE500F7B9F3 /* LaunchScreen.storyboard in Resources */ = {isa = PBXBuildFile; fileRef = 80DFEA291E202DE500F7B9F3 /* LaunchScreen.storyboard */; };
/* End PBXBuildFile section */

/* Begin PBXFileReference section */
		062374ACFC8A9E57EB61BC9E /* Pods-Shot.release.xcconfig */ = {isa = PBXFileReference; includeInIndex = 1; lastKnownFileType = text.xcconfig; name = "Pods-Shot.release.xcconfig"; path = "Pods/Target Support Files/Pods-Shot/Pods-Shot.release.xcconfig"; sourceTree = "<group>"; };
		3F66B77CD62C38E4629FEEDB /* Pods_Shot.framework */ = {isa = PBXFileReference; explicitFileType = wrapper.framework; includeInIndex = 0; path = Pods_Shot.framework; sourceTree = BUILT_PRODUCTS_DIR; };
		805B32221E202F0E0020C69E /* Shot.entitlements */ = {isa = PBXFileReference; lastKnownFileType = text.plist.entitlements; path = Shot.entitlements; sourceTree = "<group>"; };
		805B32291E2030AC0020C69E /* ShotPageTabBarController.swift */ = {isa = PBXFileReference; fileEncoding = 4; lastKnownFileType = sourcecode.swift; path = ShotPageTabBarController.swift; sourceTree = "<group>"; };
		805B322A1E2030AC0020C69E /* ShotRootController.swift */ = {isa = PBXFileReference; fileEncoding = 4; lastKnownFileType = sourcecode.swift; path = ShotRootController.swift; sourceTree = "<group>"; };
		805B322B1E2030AC0020C69E /* SignupViewController.swift */ = {isa = PBXFileReference; fileEncoding = 4; lastKnownFileType = sourcecode.swift; path = SignupViewController.swift; sourceTree = "<group>"; };
		805B322E1E2030AC0020C69E /* GroupsTableViewController.swift */ = {isa = PBXFileReference; fileEncoding = 4; lastKnownFileType = sourcecode.swift; path = GroupsTableViewController.swift; sourceTree = "<group>"; };
		805B322F1E2030AC0020C69E /* FriendsTableViewController.swift */ = {isa = PBXFileReference; fileEncoding = 4; lastKnownFileType = sourcecode.swift; path = FriendsTableViewController.swift; sourceTree = "<group>"; };
		805B32301E2030AC0020C69E /* CollapsibleTableViewHeader.swift */ = {isa = PBXFileReference; fileEncoding = 4; lastKnownFileType = sourcecode.swift; path = CollapsibleTableViewHeader.swift; sourceTree = "<group>"; };
		805B32311E2030AC0020C69E /* BeatAnimator.swift */ = {isa = PBXFileReference; fileEncoding = 4; lastKnownFileType = sourcecode.swift; path = BeatAnimator.swift; sourceTree = "<group>"; };
		805B32321E2030AC0020C69E /* Extensions.swift */ = {isa = PBXFileReference; fileEncoding = 4; lastKnownFileType = sourcecode.swift; path = Extensions.swift; sourceTree = "<group>"; };
		80C8572E1ED102E90011DA34 /* UserNotifications.framework */ = {isa = PBXFileReference; lastKnownFileType = wrapper.framework; name = UserNotifications.framework; path = System/Library/Frameworks/UserNotifications.framework; sourceTree = SDKROOT; };
		80C857301ED135050011DA34 /* FriendsTableViewController_Backup.swift */ = {isa = PBXFileReference; fileEncoding = 4; lastKnownFileType = sourcecode.swift; path = FriendsTableViewController_Backup.swift; sourceTree = "<group>"; };
		80C857321ED697C70011DA34 /* PostsViewController.swift */ = {isa = PBXFileReference; fileEncoding = 4; lastKnownFileType = sourcecode.swift; path = PostsViewController.swift; sourceTree = "<group>"; };
		80DFEA1D1E202DE400F7B9F3 /* Shot.app */ = {isa = PBXFileReference; explicitFileType = wrapper.application; includeInIndex = 0; path = Shot.app; sourceTree = BUILT_PRODUCTS_DIR; };
		80DFEA201E202DE400F7B9F3 /* AppDelegate.swift */ = {isa = PBXFileReference; lastKnownFileType = sourcecode.swift; path = AppDelegate.swift; sourceTree = "<group>"; };
		80DFEA221E202DE400F7B9F3 /* ViewController.swift */ = {isa = PBXFileReference; lastKnownFileType = sourcecode.swift; path = ViewController.swift; sourceTree = "<group>"; };
		80DFEA251E202DE400F7B9F3 /* Base */ = {isa = PBXFileReference; lastKnownFileType = file.storyboard; name = Base; path = Base.lproj/Main.storyboard; sourceTree = "<group>"; };
		80DFEA271E202DE500F7B9F3 /* Assets.xcassets */ = {isa = PBXFileReference; lastKnownFileType = folder.assetcatalog; path = Assets.xcassets; sourceTree = "<group>"; };
		80DFEA2A1E202DE500F7B9F3 /* Base */ = {isa = PBXFileReference; lastKnownFileType = file.storyboard; name = Base; path = Base.lproj/LaunchScreen.storyboard; sourceTree = "<group>"; };
		80DFEA2C1E202DE500F7B9F3 /* Info.plist */ = {isa = PBXFileReference; lastKnownFileType = text.plist.xml; path = Info.plist; sourceTree = "<group>"; };
		C20D7A5B054DA4B16B8053F8 /* Pods-Shot.debug.xcconfig */ = {isa = PBXFileReference; includeInIndex = 1; lastKnownFileType = text.xcconfig; name = "Pods-Shot.debug.xcconfig"; path = "Pods/Target Support Files/Pods-Shot/Pods-Shot.debug.xcconfig"; sourceTree = "<group>"; };
/* End PBXFileReference section */

/* Begin PBXFrameworksBuildPhase section */
		80DFEA1A1E202DE400F7B9F3 /* Frameworks */ = {
			isa = PBXFrameworksBuildPhase;
			buildActionMask = 2147483647;
			files = (
				80C8572F1ED102E90011DA34 /* UserNotifications.framework in Frameworks */,
				0BF59439B76222949D66AA07 /* Pods_Shot.framework in Frameworks */,
			);
			runOnlyForDeploymentPostprocessing = 0;
		};
/* End PBXFrameworksBuildPhase section */

/* Begin PBXGroup section */
		1CB459DB389CCE713BC0D567 /* Pods */ = {
			isa = PBXGroup;
			children = (
				C20D7A5B054DA4B16B8053F8 /* Pods-Shot.debug.xcconfig */,
				062374ACFC8A9E57EB61BC9E /* Pods-Shot.release.xcconfig */,
			);
			name = Pods;
			sourceTree = "<group>";
		};
		80DFEA141E202DE400F7B9F3 = {
			isa = PBXGroup;
			children = (
				80DFEA1F1E202DE400F7B9F3 /* Shot */,
				80DFEA1E1E202DE400F7B9F3 /* Products */,
				1CB459DB389CCE713BC0D567 /* Pods */,
				B7989615214D5C53657913F3 /* Frameworks */,
			);
			sourceTree = "<group>";
		};
		80DFEA1E1E202DE400F7B9F3 /* Products */ = {
			isa = PBXGroup;
			children = (
				80DFEA1D1E202DE400F7B9F3 /* Shot.app */,
			);
			name = Products;
			sourceTree = "<group>";
		};
		80DFEA1F1E202DE400F7B9F3 /* Shot */ = {
			isa = PBXGroup;
			children = (
				805B32221E202F0E0020C69E /* Shot.entitlements */,
				80DFEA201E202DE400F7B9F3 /* AppDelegate.swift */,
				80DFEA221E202DE400F7B9F3 /* ViewController.swift */,
				805B32291E2030AC0020C69E /* ShotPageTabBarController.swift */,
				805B322A1E2030AC0020C69E /* ShotRootController.swift */,
				805B322B1E2030AC0020C69E /* SignupViewController.swift */,
				80C857321ED697C70011DA34 /* PostsViewController.swift */,
				805B322E1E2030AC0020C69E /* GroupsTableViewController.swift */,
				805B322F1E2030AC0020C69E /* FriendsTableViewController.swift */,
				80C857301ED135050011DA34 /* FriendsTableViewController_Backup.swift */,
				805B32301E2030AC0020C69E /* CollapsibleTableViewHeader.swift */,
				805B32311E2030AC0020C69E /* BeatAnimator.swift */,
				805B32321E2030AC0020C69E /* Extensions.swift */,
				80DFEA241E202DE400F7B9F3 /* Main.storyboard */,
				80DFEA271E202DE500F7B9F3 /* Assets.xcassets */,
				80DFEA291E202DE500F7B9F3 /* LaunchScreen.storyboard */,
				80DFEA2C1E202DE500F7B9F3 /* Info.plist */,
			);
			path = Shot;
			sourceTree = "<group>";
		};
		B7989615214D5C53657913F3 /* Frameworks */ = {
			isa = PBXGroup;
			children = (
				80C8572E1ED102E90011DA34 /* UserNotifications.framework */,
				3F66B77CD62C38E4629FEEDB /* Pods_Shot.framework */,
			);
			name = Frameworks;
			sourceTree = "<group>";
		};
/* End PBXGroup section */

/* Begin PBXNativeTarget section */
		80DFEA1C1E202DE400F7B9F3 /* Shot */ = {
			isa = PBXNativeTarget;
			buildConfigurationList = 80DFEA2F1E202DE500F7B9F3 /* Build configuration list for PBXNativeTarget "Shot" */;
			buildPhases = (
				AA313E00F74526C7EC69195F /* [CP] Check Pods Manifest.lock */,
				80DFEA191E202DE400F7B9F3 /* Sources */,
				80DFEA1A1E202DE400F7B9F3 /* Frameworks */,
				80DFEA1B1E202DE400F7B9F3 /* Resources */,
				1D2D6C59D21035A160F6C6CB /* [CP] Embed Pods Frameworks */,
				E1B4F52F9A9C49FBC5815D96 /* [CP] Copy Pods Resources */,
			);
			buildRules = (
			);
			dependencies = (
			);
			name = Shot;
			productName = Shot;
			productReference = 80DFEA1D1E202DE400F7B9F3 /* Shot.app */;
			productType = "com.apple.product-type.application";
		};
/* End PBXNativeTarget section */

/* Begin PBXProject section */
		80DFEA151E202DE400F7B9F3 /* Project object */ = {
			isa = PBXProject;
			attributes = {
				LastSwiftUpdateCheck = 0810;
				LastUpgradeCheck = 0810;
				ORGANIZATIONNAME = "TechFi Apps";
				TargetAttributes = {
					80DFEA1C1E202DE400F7B9F3 = {
						CreatedOnToolsVersion = 8.1;
						DevelopmentTeam = B93E38WF94;
						ProvisioningStyle = Automatic;
						SystemCapabilities = {
							com.apple.Push = {
								enabled = 1;
							};
						};
					};
				};
			};
			buildConfigurationList = 80DFEA181E202DE400F7B9F3 /* Build configuration list for PBXProject "Shot" */;
			compatibilityVersion = "Xcode 3.2";
			developmentRegion = English;
			hasScannedForEncodings = 0;
			knownRegions = (
				en,
				Base,
			);
			mainGroup = 80DFEA141E202DE400F7B9F3;
			productRefGroup = 80DFEA1E1E202DE400F7B9F3 /* Products */;
			projectDirPath = "";
			projectRoot = "";
			targets = (
				80DFEA1C1E202DE400F7B9F3 /* Shot */,
			);
		};
/* End PBXProject section */

/* Begin PBXResourcesBuildPhase section */
		80DFEA1B1E202DE400F7B9F3 /* Resources */ = {
			isa = PBXResourcesBuildPhase;
			buildActionMask = 2147483647;
			files = (
				80DFEA2B1E202DE500F7B9F3 /* LaunchScreen.storyboard in Resources */,
				80DFEA281E202DE500F7B9F3 /* Assets.xcassets in Resources */,
				80DFEA261E202DE400F7B9F3 /* Main.storyboard in Resources */,
			);
			runOnlyForDeploymentPostprocessing = 0;
		};
/* End PBXResourcesBuildPhase section */

/* Begin PBXShellScriptBuildPhase section */
		1D2D6C59D21035A160F6C6CB /* [CP] Embed Pods Frameworks */ = {
			isa = PBXShellScriptBuildPhase;
			buildActionMask = 2147483647;
			files = (
			);
			inputPaths = (
			);
			name = "[CP] Embed Pods Frameworks";
			outputPaths = (
			);
			runOnlyForDeploymentPostprocessing = 0;
			shellPath = /bin/sh;
			shellScript = "\"${SRCROOT}/Pods/Target Support Files/Pods-Shot/Pods-Shot-frameworks.sh\"\n";
			showEnvVarsInLog = 0;
		};
		AA313E00F74526C7EC69195F /* [CP] Check Pods Manifest.lock */ = {
			isa = PBXShellScriptBuildPhase;
			buildActionMask = 2147483647;
			files = (
			);
			inputPaths = (
			);
			name = "[CP] Check Pods Manifest.lock";
			outputPaths = (
			);
			runOnlyForDeploymentPostprocessing = 0;
			shellPath = /bin/sh;
			shellScript = "diff \"${PODS_ROOT}/../Podfile.lock\" \"${PODS_ROOT}/Manifest.lock\" > /dev/null\nif [ $? != 0 ] ; then\n    # print error to STDERR\n    echo \"error: The sandbox is not in sync with the Podfile.lock. Run 'pod install' or update your CocoaPods installation.\" >&2\n    exit 1\nfi\n";
			showEnvVarsInLog = 0;
		};
		E1B4F52F9A9C49FBC5815D96 /* [CP] Copy Pods Resources */ = {
			isa = PBXShellScriptBuildPhase;
			buildActionMask = 2147483647;
			files = (
			);
			inputPaths = (
			);
			name = "[CP] Copy Pods Resources";
			outputPaths = (
			);
			runOnlyForDeploymentPostprocessing = 0;
			shellPath = /bin/sh;
			shellScript = "\"${SRCROOT}/Pods/Target Support Files/Pods-Shot/Pods-Shot-resources.sh\"\n";
			showEnvVarsInLog = 0;
		};
/* End PBXShellScriptBuildPhase section */

/* Begin PBXSourcesBuildPhase section */
		80DFEA191E202DE400F7B9F3 /* Sources */ = {
			isa = PBXSourcesBuildPhase;
			buildActionMask = 2147483647;
			files = (
				805B323B1E2030AC0020C69E /* BeatAnimator.swift in Sources */,
				805B323A1E2030AC0020C69E /* CollapsibleTableViewHeader.swift in Sources */,
				805B32381E2030AC0020C69E /* GroupsTableViewController.swift in Sources */,
				805B32391E2030AC0020C69E /* FriendsTableViewController.swift in Sources */,
				80C857331ED697C70011DA34 /* PostsViewController.swift in Sources */,
				80DFEA231E202DE400F7B9F3 /* ViewController.swift in Sources */,
				805B323C1E2030AC0020C69E /* Extensions.swift in Sources */,
				805B32341E2030AC0020C69E /* ShotRootController.swift in Sources */,
				80C857311ED135050011DA34 /* FriendsTableViewController_Backup.swift in Sources */,
				805B32351E2030AC0020C69E /* SignupViewController.swift in Sources */,
				80DFEA211E202DE400F7B9F3 /* AppDelegate.swift in Sources */,
				805B32331E2030AC0020C69E /* ShotPageTabBarController.swift in Sources */,
			);
			runOnlyForDeploymentPostprocessing = 0;
		};
/* End PBXSourcesBuildPhase section */

/* Begin PBXVariantGroup section */
		80DFEA241E202DE400F7B9F3 /* Main.storyboard */ = {
			isa = PBXVariantGroup;
			children = (
				80DFEA251E202DE400F7B9F3 /* Base */,
			);
			name = Main.storyboard;
			sourceTree = "<group>";
		};
		80DFEA291E202DE500F7B9F3 /* LaunchScreen.storyboard */ = {
			isa = PBXVariantGroup;
			children = (
				80DFEA2A1E202DE500F7B9F3 /* Base */,
			);
			name = LaunchScreen.storyboard;
			sourceTree = "<group>";
		};
/* End PBXVariantGroup section */

/* Begin XCBuildConfiguration section */
		80DFEA2D1E202DE500F7B9F3 /* Debug */ = {
			isa = XCBuildConfiguration;
			buildSettings = {
				ALWAYS_SEARCH_USER_PATHS = NO;
				CLANG_ANALYZER_NONNULL = YES;
				CLANG_CXX_LANGUAGE_STANDARD = "gnu++0x";
				CLANG_CXX_LIBRARY = "libc++";
				CLANG_ENABLE_MODULES = YES;
				CLANG_ENABLE_OBJC_ARC = YES;
				CLANG_WARN_BOOL_CONVERSION = YES;
				CLANG_WARN_CONSTANT_CONVERSION = YES;
				CLANG_WARN_DIRECT_OBJC_ISA_USAGE = YES_ERROR;
				CLANG_WARN_DOCUMENTATION_COMMENTS = YES;
				CLANG_WARN_EMPTY_BODY = YES;
				CLANG_WARN_ENUM_CONVERSION = YES;
				CLANG_WARN_INFINITE_RECURSION = YES;
				CLANG_WARN_INT_CONVERSION = YES;
				CLANG_WARN_OBJC_ROOT_CLASS = YES_ERROR;
				CLANG_WARN_SUSPICIOUS_MOVE = YES;
				CLANG_WARN_SUSPICIOUS_MOVES = YES;
				CLANG_WARN_UNREACHABLE_CODE = YES;
				CLANG_WARN__DUPLICATE_METHOD_MATCH = YES;
				"CODE_SIGN_IDENTITY[sdk=iphoneos*]" = "iPhone Developer";
				COPY_PHASE_STRIP = NO;
				DEBUG_INFORMATION_FORMAT = dwarf;
				ENABLE_STRICT_OBJC_MSGSEND = YES;
				ENABLE_TESTABILITY = YES;
				GCC_C_LANGUAGE_STANDARD = gnu99;
				GCC_DYNAMIC_NO_PIC = NO;
				GCC_NO_COMMON_BLOCKS = YES;
				GCC_OPTIMIZATION_LEVEL = 0;
				GCC_PREPROCESSOR_DEFINITIONS = (
					"DEBUG=1",
					"$(inherited)",
				);
				GCC_WARN_64_TO_32_BIT_CONVERSION = YES;
				GCC_WARN_ABOUT_RETURN_TYPE = YES_ERROR;
				GCC_WARN_UNDECLARED_SELECTOR = YES;
				GCC_WARN_UNINITIALIZED_AUTOS = YES_AGGRESSIVE;
				GCC_WARN_UNUSED_FUNCTION = YES;
				GCC_WARN_UNUSED_VARIABLE = YES;
				IPHONEOS_DEPLOYMENT_TARGET = 9.0;
				MTL_ENABLE_DEBUG_INFO = YES;
				ONLY_ACTIVE_ARCH = YES;
				SDKROOT = iphoneos;
				SWIFT_ACTIVE_COMPILATION_CONDITIONS = DEBUG;
				SWIFT_OPTIMIZATION_LEVEL = "-Onone";
			};
			name = Debug;
		};
		80DFEA2E1E202DE500F7B9F3 /* Release */ = {
			isa = XCBuildConfiguration;
			buildSettings = {
				ALWAYS_SEARCH_USER_PATHS = NO;
				CLANG_ANALYZER_NONNULL = YES;
				CLANG_CXX_LANGUAGE_STANDARD = "gnu++0x";
				CLANG_CXX_LIBRARY = "libc++";
				CLANG_ENABLE_MODULES = YES;
				CLANG_ENABLE_OBJC_ARC = YES;
				CLANG_WARN_BOOL_CONVERSION = YES;
				CLANG_WARN_CONSTANT_CONVERSION = YES;
				CLANG_WARN_DIRECT_OBJC_ISA_USAGE = YES_ERROR;
				CLANG_WARN_DOCUMENTATION_COMMENTS = YES;
				CLANG_WARN_EMPTY_BODY = YES;
				CLANG_WARN_ENUM_CONVERSION = YES;
				CLANG_WARN_INFINITE_RECURSION = YES;
				CLANG_WARN_INT_CONVERSION = YES;
				CLANG_WARN_OBJC_ROOT_CLASS = YES_ERROR;
				CLANG_WARN_SUSPICIOUS_MOVE = YES;
				CLANG_WARN_SUSPICIOUS_MOVES = YES;
				CLANG_WARN_UNREACHABLE_CODE = YES;
				CLANG_WARN__DUPLICATE_METHOD_MATCH = YES;
				"CODE_SIGN_IDENTITY[sdk=iphoneos*]" = "iPhone Developer";
				COPY_PHASE_STRIP = NO;
				DEBUG_INFORMATION_FORMAT = "dwarf-with-dsym";
				ENABLE_NS_ASSERTIONS = NO;
				ENABLE_STRICT_OBJC_MSGSEND = YES;
				GCC_C_LANGUAGE_STANDARD = gnu99;
				GCC_NO_COMMON_BLOCKS = YES;
				GCC_WARN_64_TO_32_BIT_CONVERSION = YES;
				GCC_WARN_ABOUT_RETURN_TYPE = YES_ERROR;
				GCC_WARN_UNDECLARED_SELECTOR = YES;
				GCC_WARN_UNINITIALIZED_AUTOS = YES_AGGRESSIVE;
				GCC_WARN_UNUSED_FUNCTION = YES;
				GCC_WARN_UNUSED_VARIABLE = YES;
				IPHONEOS_DEPLOYMENT_TARGET = 9.0;
				MTL_ENABLE_DEBUG_INFO = NO;
				SDKROOT = iphoneos;
				SWIFT_OPTIMIZATION_LEVEL = "-Owholemodule";
				VALIDATE_PRODUCT = YES;
			};
			name = Release;
		};
		80DFEA301E202DE500F7B9F3 /* Debug */ = {
			isa = XCBuildConfiguration;
			baseConfigurationReference = C20D7A5B054DA4B16B8053F8 /* Pods-Shot.debug.xcconfig */;
			buildSettings = {
				ALWAYS_EMBED_SWIFT_STANDARD_LIBRARIES = YES;
				ASSETCATALOG_COMPILER_APPICON_NAME = AppIcon;
				CODE_SIGN_ENTITLEMENTS = Shot/Shot.entitlements;
				"CODE_SIGN_IDENTITY[sdk=iphoneos*]" = "iPhone Developer";
				DEVELOPMENT_TEAM = B93E38WF94;
				INFOPLIST_FILE = Shot/Info.plist;
				IPHONEOS_DEPLOYMENT_TARGET = 9.0;
				LD_RUNPATH_SEARCH_PATHS = "$(inherited) @executable_path/Frameworks";
				PRODUCT_BUNDLE_IDENTIFIER = com.techfiapps.Shot;
				PRODUCT_NAME = "$(TARGET_NAME)";
				PROVISIONING_PROFILE = "";
				PROVISIONING_PROFILE_SPECIFIER = "";
				SWIFT_VERSION = 3.0;
			};
			name = Debug;
		};
		80DFEA311E202DE500F7B9F3 /* Release */ = {
			isa = XCBuildConfiguration;
			baseConfigurationReference = 062374ACFC8A9E57EB61BC9E /* Pods-Shot.release.xcconfig */;
			buildSettings = {
				ALWAYS_EMBED_SWIFT_STANDARD_LIBRARIES = YES;
				ASSETCATALOG_COMPILER_APPICON_NAME = AppIcon;
				CODE_SIGN_ENTITLEMENTS = Shot/Shot.entitlements;
				"CODE_SIGN_IDENTITY[sdk=iphoneos*]" = "iPhone Developer";
				DEVELOPMENT_TEAM = B93E38WF94;
				INFOPLIST_FILE = Shot/Info.plist;
				IPHONEOS_DEPLOYMENT_TARGET = 9.0;
				LD_RUNPATH_SEARCH_PATHS = "$(inherited) @executable_path/Frameworks";
				PRODUCT_BUNDLE_IDENTIFIER = com.techfiapps.Shot;
				PRODUCT_NAME = "$(TARGET_NAME)";
				PROVISIONING_PROFILE = "";
				PROVISIONING_PROFILE_SPECIFIER = "";
				SWIFT_VERSION = 3.0;
			};
			name = Release;
		};
/* End XCBuildConfiguration section */

/* Begin XCConfigurationList section */
		80DFEA181E202DE400F7B9F3 /* Build configuration list for PBXProject "Shot" */ = {
			isa = XCConfigurationList;
			buildConfigurations = (
				80DFEA2D1E202DE500F7B9F3 /* Debug */,
				80DFEA2E1E202DE500F7B9F3 /* Release */,
			);
			defaultConfigurationIsVisible = 0;
			defaultConfigurationName = Release;
		};
		80DFEA2F1E202DE500F7B9F3 /* Build configuration list for PBXNativeTarget "Shot" */ = {
			isa = XCConfigurationList;
			buildConfigurations = (
				80DFEA301E202DE500F7B9F3 /* Debug */,
				80DFEA311E202DE500F7B9F3 /* Release */,
			);
			defaultConfigurationIsVisible = 0;
			defaultConfigurationName = Release;
		};
/* End XCConfigurationList section */
	};
	rootObject = 80DFEA151E202DE400F7B9F3 /* Project object */;
}
